
Microsoft Visual Studio Solution File, Format Version 12.00
# Visual Studio Version 17
VisualStudioVersion = 17.7.34221.43
MinimumVisualStudioVersion = 10.0.40219.1
Project("{9A19103F-16F7-4668-BE54-9A1E7A4F7556}") = "scopesandlifetimeservices", "scopesandlifetimeservices.csproj", "{89512A44-FC30-46BF-BE19-3A3AB77A62F9}"
EndProject
Global
	GlobalSection(SolutionConfigurationPlatforms) = preSolution
		Debug|Any CPU = Debug|Any CPU
		Release|Any CPU = Release|Any CPU
	EndGlobalSection
	GlobalSection(ProjectConfigurationPlatforms) = postSolution
		{89512A44-FC30-46BF-BE19-3A3AB77A62F9}.Debug|Any CPU.ActiveCfg = Debug|Any CPU
		{89512A44-FC30-46BF-BE19-3A3AB77A62F9}.Debug|Any CPU.Build.0 = Debug|Any CPU
		{89512A44-FC30-46BF-BE19-3A3AB77A62F9}.Release|Any CPU.ActiveCfg = Release|Any CPU
		{89512A44-FC30-46BF-BE19-3A3AB77A62F9}.Release|Any CPU.Build.0 = Release|Any CPU
	EndGlobalSection
	GlobalSection(SolutionProperties) = preSolution
		HideSolutionNode = FALSE
	EndGlobalSection
	GlobalSection(ExtensibilityGlobals) = postSolution
		SolutionGuid = {5A250A03-7AF9-4E70-B8CD-0BE981E70879}
	EndGlobalSection
EndGlobal
